
Microsoft Visual Studio Solution File, Format Version 12.00
Project("{FAE04EC0-301F-11D3-BF4B-00C04F79EFBC}") = "KlusterIO.AppMvc", "src\KlusterIO.AppMvc\KlusterIO.AppMvc.csproj", "{78CAEE59-E0AA-4F59-AB73-7AA9803ED3A1}"
EndProject
Project("{FAE04EC0-301F-11D3-BF4B-00C04F79EFBC}") = "KlusterIO.Business", "src\KlusterIO.Business\KlusterIO.Business.csproj", "{3AF31AE9-B887-46FA-81C5-E2BF6E410255}"
EndProject
Project("{FAE04EC0-301F-11D3-BF4B-00C04F79EFBC}") = "KlusterIO.Infra", "src\KlusterIO.Infra\KlusterIO.Infra.csproj", "{B260C5FF-1026-4869-B9F5-D981F5200FAE}"
EndProject
Global
	GlobalSection(SolutionConfigurationPlatforms) = preSolution
		Debug|Any CPU = Debug|Any CPU
		Release|Any CPU = Release|Any CPU
	EndGlobalSection
	GlobalSection(ProjectConfigurationPlatforms) = postSolution
		{78CAEE59-E0AA-4F59-AB73-7AA9803ED3A1}.Debug|Any CPU.ActiveCfg = Debug|Any CPU
		{78CAEE59-E0AA-4F59-AB73-7AA9803ED3A1}.Debug|Any CPU.Build.0 = Debug|Any CPU
		{78CAEE59-E0AA-4F59-AB73-7AA9803ED3A1}.Release|Any CPU.ActiveCfg = Release|Any CPU
		{78CAEE59-E0AA-4F59-AB73-7AA9803ED3A1}.Release|Any CPU.Build.0 = Release|Any CPU
		{3AF31AE9-B887-46FA-81C5-E2BF6E410255}.Debug|Any CPU.ActiveCfg = Debug|Any CPU
		{3AF31AE9-B887-46FA-81C5-E2BF6E410255}.Debug|Any CPU.Build.0 = Debug|Any CPU
		{3AF31AE9-B887-46FA-81C5-E2BF6E410255}.Release|Any CPU.ActiveCfg = Release|Any CPU
		{3AF31AE9-B887-46FA-81C5-E2BF6E410255}.Release|Any CPU.Build.0 = Release|Any CPU
		{B260C5FF-1026-4869-B9F5-D981F5200FAE}.Debug|Any CPU.ActiveCfg = Debug|Any CPU
		{B260C5FF-1026-4869-B9F5-D981F5200FAE}.Debug|Any CPU.Build.0 = Debug|Any CPU
		{B260C5FF-1026-4869-B9F5-D981F5200FAE}.Release|Any CPU.ActiveCfg = Release|Any CPU
		{B260C5FF-1026-4869-B9F5-D981F5200FAE}.Release|Any CPU.Build.0 = Release|Any CPU
	EndGlobalSection
EndGlobal
